
Microsoft Visual Studio Solution File, Format Version 12.00
# Visual Studio Version 16
VisualStudioVersion = 16.0.30309.148
MinimumVisualStudioVersion = 10.0.40219.1
Project("{FAE04EC0-301F-11D3-BF4B-00C04F79EFBC}") = "Proje.Desktop", "Proje.Desktop\Proje.Desktop.csproj", "{81F60D29-90A4-4D1F-B033-DBAE19E0DB08}"
EndProject
Project("{FAE04EC0-301F-11D3-BF4B-00C04F79EFBC}") = "Proje.Library", "Proje.Library\Proje.Library.csproj", "{021E36BB-FB97-4CA3-B9D7-21B1A2A8B35A}"
EndProject
Project("{2150E333-8FDC-42A3-9474-1A3956D46DE8}") = "Solution Items", "Solution Items", "{CCFDBA9E-600D-41C4-AF1F-7CF33E67864C}"
	ProjectSection(SolutionItems) = preProject
		Proje.Desktop\bin\Debug\Resources\Images\archer-female.png = Proje.Desktop\bin\Debug\Resources\Images\archer-female.png
		Proje.Desktop\bin\Debug\Resources\Images\archer-male.png = Proje.Desktop\bin\Debug\Resources\Images\archer-male.png
		Proje.Desktop\bin\Debug\Resources\Images\arrow-fiery.png = Proje.Desktop\bin\Debug\Resources\Images\arrow-fiery.png
		Proje.Desktop\bin\Debug\Resources\Images\arrow.png = Proje.Desktop\bin\Debug\Resources\Images\arrow.png
		Proje.Desktop\bin\Debug\Resources\Images\background-1.jpg = Proje.Desktop\bin\Debug\Resources\Images\background-1.jpg
		Proje.Desktop\bin\Debug\Resources\Images\balloon-green.png = Proje.Desktop\bin\Debug\Resources\Images\balloon-green.png
		Proje.Desktop\bin\Debug\Resources\Images\balloon-red.png = Proje.Desktop\bin\Debug\Resources\Images\balloon-red.png
		Proje.Desktop\bin\Debug\Resources\Images\balloon-yellow.png = Proje.Desktop\bin\Debug\Resources\Images\balloon-yellow.png
		Proje.Desktop\bin\Debug\Resources\Images\bow.ico = Proje.Desktop\bin\Debug\Resources\Images\bow.ico
	EndProjectSection
EndProject
Global
	GlobalSection(SolutionConfigurationPlatforms) = preSolution
		Debug|Any CPU = Debug|Any CPU
		Release|Any CPU = Release|Any CPU
	EndGlobalSection
	GlobalSection(ProjectConfigurationPlatforms) = postSolution
		{81F60D29-90A4-4D1F-B033-DBAE19E0DB08}.Debug|Any CPU.ActiveCfg = Debug|Any CPU
		{81F60D29-90A4-4D1F-B033-DBAE19E0DB08}.Debug|Any CPU.Build.0 = Debug|Any CPU
		{81F60D29-90A4-4D1F-B033-DBAE19E0DB08}.Release|Any CPU.ActiveCfg = Release|Any CPU
		{81F60D29-90A4-4D1F-B033-DBAE19E0DB08}.Release|Any CPU.Build.0 = Release|Any CPU
		{021E36BB-FB97-4CA3-B9D7-21B1A2A8B35A}.Debug|Any CPU.ActiveCfg = Debug|Any CPU
		{021E36BB-FB97-4CA3-B9D7-21B1A2A8B35A}.Debug|Any CPU.Build.0 = Debug|Any CPU
		{021E36BB-FB97-4CA3-B9D7-21B1A2A8B35A}.Release|Any CPU.ActiveCfg = Release|Any CPU
		{021E36BB-FB97-4CA3-B9D7-21B1A2A8B35A}.Release|Any CPU.Build.0 = Release|Any CPU
	EndGlobalSection
	GlobalSection(SolutionProperties) = preSolution
		HideSolutionNode = FALSE
	EndGlobalSection
	GlobalSection(ExtensibilityGlobals) = postSolution
		SolutionGuid = {30EFB0CA-F48C-479C-8999-014138FAB632}
	EndGlobalSection
EndGlobal
